// !$*UTF8*$!
{
	archiveVersion = 1;
	classes = {
	};
	objectVersion = 46;
	objects = {

/* Begin PBXBuildFile section */
		92ED942E1F469F080049D3B7 /* AppDelegate.swift in Sources */ = {isa = PBXBuildFile; fileRef = 92ED942D1F469F080049D3B7 /* AppDelegate.swift */; };
		92ED94301F469F080049D3B7 /* ViewController.swift in Sources */ = {isa = PBXBuildFile; fileRef = 92ED942F1F469F080049D3B7 /* ViewController.swift */; };
		92ED94331F469F080049D3B7 /* Main.storyboard in Resources */ = {isa = PBXBuildFile; fileRef = 92ED94311F469F080049D3B7 /* Main.storyboard */; };
		92ED94351F469F080049D3B7 /* Assets.xcassets in Resources */ = {isa = PBXBuildFile; fileRef = 92ED94341F469F080049D3B7 /* Assets.xcassets */; };
		92ED94381F469F080049D3B7 /* LaunchScreen.storyboard in Resources */ = {isa = PBXBuildFile; fileRef = 92ED94361F469F080049D3B7 /* LaunchScreen.storyboard */; };
/* End PBXBuildFile section */

/* Begin PBXFileReference section */
		92ED942A1F469F080049D3B7 /* WorldPeace01.app */ = {isa = PBXFileReference; explicitFileType = wrapper.application; includeInIndex = 0; path = WorldPeace01.app; sourceTree = BUILT_PRODUCTS_DIR; };
		92ED942D1F469F080049D3B7 /* AppDelegate.swift */ = {isa = PBXFileReference; lastKnownFileType = sourcecode.swift; path = AppDelegate.swift; sourceTree = "<group>"; };
		92ED942F1F469F080049D3B7 /* ViewController.swift */ = {isa = PBXFileReference; lastKnownFileType = sourcecode.swift; path = ViewController.swift; sourceTree = "<group>"; };
		92ED94321F469F080049D3B7 /* Base */ = {isa = PBXFileReference; lastKnownFileType = file.storyboard; name = Base; path = Base.lproj/Main.storyboard; sourceTree = "<group>"; };
		92ED94341F469F080049D3B7 /* Assets.xcassets */ = {isa = PBXFileReference; lastKnownFileType = folder.assetcatalog; path = Assets.xcassets; sourceTree = "<group>"; };
		92ED94371F469F080049D3B7 /* Base */ = {isa = PBXFileReference; lastKnownFileType = file.storyboard; name = Base; path = Base.lproj/LaunchScreen.storyboard; sourceTree = "<group>"; };
		92ED94391F469F080049D3B7 /* Info.plist */ = {isa = PBXFileReference; lastKnownFileType = text.plist.xml; path = Info.plist; sourceTree = "<group>"; };
/* End PBXFileReference section */

/* Begin PBXFrameworksBuildPhase section */
		92ED94271F469F080049D3B7 /* Frameworks */ = {
			isa = PBXFrameworksBuildPhase;
			buildActionMask = 2147483647;
			files = (
			);
			runOnlyForDeploymentPostprocessing = 0;
		};
/* End PBXFrameworksBuildPhase section */

/* Begin PBXGroup section */
		92ED94211F469F080049D3B7 = {
			isa = PBXGroup;
			children = (
				92ED942C1F469F080049D3B7 /* WorldPeace01 */,
				92ED942B1F469F080049D3B7 /* Products */,
			);
			sourceTree = "<group>";
		};
		92ED942B1F469F080049D3B7 /* Products */ = {
			isa = PBXGroup;
			children = (
				92ED942A1F469F080049D3B7 /* WorldPeace01.app */,
			);
			name = Products;
			sourceTree = "<group>";
		};
		92ED942C1F469F080049D3B7 /* WorldPeace01 */ = {
			isa = PBXGroup;
			children = (
				92ED942D1F469F080049D3B7 /* AppDelegate.swift */,
				92ED942F1F469F080049D3B7 /* ViewController.swift */,
				92ED94311F469F080049D3B7 /* Main.storyboard */,
				92ED94341F469F080049D3B7 /* Assets.xcassets */,
				92ED94361F469F080049D3B7 /* LaunchScreen.storyboard */,
				92ED94391F469F080049D3B7 /* Info.plist */,
			);
			path = WorldPeace01;
			sourceTree = "<group>";
		};
/* End PBXGroup section */

/* Begin PBXNativeTarget section */
		92ED94291F469F080049D3B7 /* WorldPeace01 */ = {
			isa = PBXNativeTarget;
			buildConfigurationList = 92ED943C1F469F080049D3B7 /* Build configuration list for PBXNativeTarget "WorldPeace01" */;
			buildPhases = (
				92ED94261F469F080049D3B7 /* Sources */,
				92ED94271F469F080049D3B7 /* Frameworks */,
				92ED94281F469F080049D3B7 /* Resources */,
			);
			buildRules = (
			);
			dependencies = (
			);
			name = WorldPeace01;
			productName = WorldPeace01;
			productReference = 92ED942A1F469F080049D3B7 /* WorldPeace01.app */;
			productType = "com.apple.product-type.application";
		};
/* End PBXNativeTarget section */

/* Begin PBXProject section */
		92ED94221F469F080049D3B7 /* Project object */ = {
			isa = PBXProject;
			attributes = {
				LastSwiftUpdateCheck = 0830;
				LastUpgradeCheck = 0830;
				ORGANIZATIONNAME = "Soph Shaw";
				TargetAttributes = {
					92ED94291F469F080049D3B7 = {
						CreatedOnToolsVersion = 8.3.3;
						ProvisioningStyle = Automatic;
					};
				};
			};
			buildConfigurationList = 92ED94251F469F080049D3B7 /* Build configuration list for PBXProject "WorldPeace01" */;
			compatibilityVersion = "Xcode 3.2";
			developmentRegion = English;
			hasScannedForEncodings = 0;
			knownRegions = (
				en,
				Base,
			);
			mainGroup = 92ED94211F469F080049D3B7;
			productRefGroup = 92ED942B1F469F080049D3B7 /* Products */;
			projectDirPath = "";
			projectRoot = "";
			targets = (
				92ED94291F469F080049D3B7 /* WorldPeace01 */,
			);
		};
/* End PBXProject section */

/* Begin PBXResourcesBuildPhase section */
		92ED94281F469F080049D3B7 /* Resources */ = {
			isa = PBXResourcesBuildPhase;
			buildActionMask = 2147483647;
			files = (
				92ED94381F469F080049D3B7 /* LaunchScreen.storyboard in Resources */,
				92ED94351F469F080049D3B7 /* Assets.xcassets in Resources */,
				92ED94331F469F080049D3B7 /* Main.storyboard in Resources */,
			);
			runOnlyForDeploymentPostprocessing = 0;
		};
/* End PBXResourcesBuildPhase section */

/* Begin PBXSourcesBuildPhase section */
		92ED94261F469F080049D3B7 /* Sources */ = {
			isa = PBXSourcesBuildPhase;
			buildActionMask = 2147483647;
			files = (
				92ED94301F469F080049D3B7 /* ViewController.swift in Sources */,
				92ED942E1F469F080049D3B7 /* AppDelegate.swift in Sources */,
			);
			runOnlyForDeploymentPostprocessing = 0;
		};
/* End PBXSourcesBuildPhase section */

/* Begin PBXVariantGroup section */
		92ED94311F469F080049D3B7 /* Main.storyboard */ = {
			isa = PBXVariantGroup;
			children = (
				92ED94321F469F080049D3B7 /* Base */,
			);
			name = Main.storyboard;
			sourceTree = "<group>";
		};
		92ED94361F469F080049D3B7 /* LaunchScreen.storyboard */ = {
			isa = PBXVariantGroup;
			children = (
				92ED94371F469F080049D3B7 /* Base */,
			);
			name = LaunchScreen.storyboard;
			sourceTree = "<group>";
		};
/* End PBXVariantGroup section */

/* Begin XCBuildConfiguration section */
		92ED943A1F469F080049D3B7 /* Debug */ = {
			isa = XCBuildConfiguration;
			buildSettings = {
				ALWAYS_SEARCH_USER_PATHS = NO;
				CLANG_ANALYZER_NONNULL = YES;
				CLANG_ANALYZER_NUMBER_OBJECT_CONVERSION = YES_AGGRESSIVE;
				CLANG_CXX_LANGUAGE_STANDARD = "gnu++0x";
				CLANG_CXX_LIBRARY = "libc++";
				CLANG_ENABLE_MODULES = YES;
				CLANG_ENABLE_OBJC_ARC = YES;
				CLANG_WARN_BOOL_CONVERSION = YES;
				CLANG_WARN_CONSTANT_CONVERSION = YES;
				CLANG_WARN_DIRECT_OBJC_ISA_USAGE = YES_ERROR;
				CLANG_WARN_DOCUMENTATION_COMMENTS = YES;
				CLANG_WARN_EMPTY_BODY = YES;
				CLANG_WARN_ENUM_CONVERSION = YES;
				CLANG_WARN_INFINITE_RECURSION = YES;
				CLANG_WARN_INT_CONVERSION = YES;
				CLANG_WARN_OBJC_ROOT_CLASS = YES_ERROR;
				CLANG_WARN_SUSPICIOUS_MOVE = YES;
				CLANG_WARN_UNREACHABLE_CODE = YES;
				CLANG_WARN__DUPLICATE_METHOD_MATCH = YES;
				"CODE_SIGN_IDENTITY[sdk=iphoneos*]" = "iPhone Developer";
				COPY_PHASE_STRIP = NO;
				DEBUG_INFORMATION_FORMAT = dwarf;
				ENABLE_STRICT_OBJC_MSGSEND = YES;
				ENABLE_TESTABILITY = YES;
				GCC_C_LANGUAGE_STANDARD = gnu99;
				GCC_DYNAMIC_NO_PIC = NO;
				GCC_NO_COMMON_BLOCKS = YES;
				GCC_OPTIMIZATION_LEVEL = 0;
				GCC_PREPROCESSOR_DEFINITIONS = (
					"DEBUG=1",
					"$(inherited)",
				);
				GCC_WARN_64_TO_32_BIT_CONVERSION = YES;
				GCC_WARN_ABOUT_RETURN_TYPE = YES_ERROR;
				GCC_WARN_UNDECLARED_SELECTOR = YES;
				GCC_WARN_UNINITIALIZED_AUTOS = YES_AGGRESSIVE;
				GCC_WARN_UNUSED_FUNCTION = YES;
				GCC_WARN_UNUSED_VARIABLE = YES;
				IPHONEOS_DEPLOYMENT_TARGET = 10.3;
				MTL_ENABLE_DEBUG_INFO = YES;
				ONLY_ACTIVE_ARCH = YES;
				SDKROOT = iphoneos;
				SWIFT_ACTIVE_COMPILATION_CONDITIONS = DEBUG;
				SWIFT_OPTIMIZATION_LEVEL = "-Onone";
				TARGETED_DEVICE_FAMILY = "1,2";
			};
			name = Debug;
		};
		92ED943B1F469F080049D3B7 /* Release */ = {
			isa = XCBuildConfiguration;
			buildSettings = {
				ALWAYS_SEARCH_USER_PATHS = NO;
				CLANG_ANALYZER_NONNULL = YES;
				CLANG_ANALYZER_NUMBER_OBJECT_CONVERSION = YES_AGGRESSIVE;
				CLANG_CXX_LANGUAGE_STANDARD = "gnu++0x";
				CLANG_CXX_LIBRARY = "libc++";
				CLANG_ENABLE_MODULES = YES;
				CLANG_ENABLE_OBJC_ARC = YES;
				CLANG_WARN_BOOL_CONVERSION = YES;
				CLANG_WARN_CONSTANT_CONVERSION = YES;
				CLANG_WARN_DIRECT_OBJC_ISA_USAGE = YES_ERROR;
				CLANG_WARN_DOCUMENTATION_COMMENTS = YES;
				CLANG_WARN_EMPTY_BODY = YES;
				CLANG_WARN_ENUM_CONVERSION = YES;
				CLANG_WARN_INFINITE_RECURSION = YES;
				CLANG_WARN_INT_CONVERSION = YES;
				CLANG_WARN_OBJC_ROOT_CLASS = YES_ERROR;
				CLANG_WARN_SUSPICIOUS_MOVE = YES;
				CLANG_WARN_UNREACHABLE_CODE = YES;
				CLANG_WARN__DUPLICATE_METHOD_MATCH = YES;
				"CODE_SIGN_IDENTITY[sdk=iphoneos*]" = "iPhone Developer";
				COPY_PHASE_STRIP = NO;
				DEBUG_INFORMATION_FORMAT = "dwarf-with-dsym";
				ENABLE_NS_ASSERTIONS = NO;
				ENABLE_STRICT_OBJC_MSGSEND = YES;
				GCC_C_LANGUAGE_STANDARD = gnu99;
				GCC_NO_COMMON_BLOCKS = YES;
				GCC_WARN_64_TO_32_BIT_CONVERSION = YES;
				GCC_WARN_ABOUT_RETURN_TYPE = YES_ERROR;
				GCC_WARN_UNDECLARED_SELECTOR = YES;
				GCC_WARN_UNINITIALIZED_AUTOS = YES_AGGRESSIVE;
				GCC_WARN_UNUSED_FUNCTION = YES;
				GCC_WARN_UNUSED_VARIABLE = YES;
				IPHONEOS_DEPLOYMENT_TARGET = 10.3;
				MTL_ENABLE_DEBUG_INFO = NO;
				SDKROOT = iphoneos;
				SWIFT_OPTIMIZATION_LEVEL = "-Owholemodule";
				TARGETED_DEVICE_FAMILY = "1,2";
				VALIDATE_PRODUCT = YES;
			};
			name = Release;
		};
		92ED943D1F469F080049D3B7 /* Debug */ = {
			isa = XCBuildConfiguration;
			buildSettings = {
				ASSETCATALOG_COMPILER_APPICON_NAME = AppIcon;
				INFOPLIST_FILE = WorldPeace01/Info.plist;
				LD_RUNPATH_SEARCH_PATHS = "$(inherited) @executable_path/Frameworks";
				PRODUCT_BUNDLE_IDENTIFIER = com.SS.WorldPeace01;
				PRODUCT_NAME = "$(TARGET_NAME)";
				SWIFT_VERSION = 3.0;
			};
			name = Debug;
		};
		92ED943E1F469F080049D3B7 /* Release */ = {
			isa = XCBuildConfiguration;
			buildSettings = {
				ASSETCATALOG_COMPILER_APPICON_NAME = AppIcon;
				INFOPLIST_FILE = WorldPeace01/Info.plist;
				LD_RUNPATH_SEARCH_PATHS = "$(inherited) @executable_path/Frameworks";
				PRODUCT_BUNDLE_IDENTIFIER = com.SS.WorldPeace01;
				PRODUCT_NAME = "$(TARGET_NAME)";
				SWIFT_VERSION = 3.0;
			};
			name = Release;
		};
/* End XCBuildConfiguration section */

/* Begin XCConfigurationList section */
		92ED94251F469F080049D3B7 /* Build configuration list for PBXProject "WorldPeace01" */ = {
			isa = XCConfigurationList;
			buildConfigurations = (
				92ED943A1F469F080049D3B7 /* Debug */,
				92ED943B1F469F080049D3B7 /* Release */,
			);
			defaultConfigurationIsVisible = 0;
			defaultConfigurationName = Release;
		};
		92ED943C1F469F080049D3B7 /* Build configuration list for PBXNativeTarget "WorldPeace01" */ = {
			isa = XCConfigurationList;
			buildConfigurations = (
				92ED943D1F469F080049D3B7 /* Debug */,
				92ED943E1F469F080049D3B7 /* Release */,
			);
			defaultConfigurationIsVisible = 0;
		};
/* End XCConfigurationList section */
	};
	rootObject = 92ED94221F469F080049D3B7 /* Project object */;
}
